
Microsoft Visual Studio Solution File, Format Version 12.00
# Visual Studio Express 2013 for Windows Desktop
VisualStudioVersion = 12.0.21005.1
MinimumVisualStudioVersion = 10.0.40219.1
Project("{FAE04EC0-301F-11D3-BF4B-00C04F79EFBC}") = "Araneam", "Araneam\Araneam\Araneam.csproj", "{46FC5442-371E-4CBB-8E3C-05AEEF639B5C}"
EndProject
Project("{FAE04EC0-301F-11D3-BF4B-00C04F79EFBC}") = "MyParallel", "MyParallel\MyParallel\MyParallel.csproj", "{458CCDBC-BF99-4B55-8044-926C317943A0}"
EndProject
Project("{FAE04EC0-301F-11D3-BF4B-00C04F79EFBC}") = "VectorSpace", "VectorSpace\VectorSpace\VectorSpace.csproj", "{82C4C097-83DF-4C8A-ACF7-BD4CD7FBDBC9}"
EndProject
Project("{FAE04EC0-301F-11D3-BF4B-00C04F79EFBC}") = "UnitTestVector", "VectorSpace\UnitTestVector\UnitTestVector.csproj", "{9031B90A-537C-4A33-BF3D-6FCF54E08079}"
EndProject
Project("{FAE04EC0-301F-11D3-BF4B-00C04F79EFBC}") = "UnitTestNetwork", "Araneam\UnitTestNetwork\UnitTestNetwork.csproj", "{B441FE24-C224-4C72-8B3B-8DF0BE97A3CD}"
EndProject
Project("{FAE04EC0-301F-11D3-BF4B-00C04F79EFBC}") = "UnitTestIOData", "IOData\UnitTestIOData\UnitTestIOData.csproj", "{52C608BD-51E9-4016-ADE5-004A6DE681C4}"
EndProject
Project("{FAE04EC0-301F-11D3-BF4B-00C04F79EFBC}") = "IOData", "IOData\IOData\IOData.csproj", "{8471FC16-BA93-417C-ADBC-637139501CC8}"
EndProject
Global
	GlobalSection(SolutionConfigurationPlatforms) = preSolution
		Debug|Any CPU = Debug|Any CPU
		Debug|x64 = Debug|x64
		Release|Any CPU = Release|Any CPU
		Release|x64 = Release|x64
	EndGlobalSection
	GlobalSection(ProjectConfigurationPlatforms) = postSolution
		{46FC5442-371E-4CBB-8E3C-05AEEF639B5C}.Debug|Any CPU.ActiveCfg = Debug|Any CPU
		{46FC5442-371E-4CBB-8E3C-05AEEF639B5C}.Debug|Any CPU.Build.0 = Debug|Any CPU
		{46FC5442-371E-4CBB-8E3C-05AEEF639B5C}.Debug|x64.ActiveCfg = Debug|x64
		{46FC5442-371E-4CBB-8E3C-05AEEF639B5C}.Debug|x64.Build.0 = Debug|x64
		{46FC5442-371E-4CBB-8E3C-05AEEF639B5C}.Release|Any CPU.ActiveCfg = Release|x64
		{46FC5442-371E-4CBB-8E3C-05AEEF639B5C}.Release|Any CPU.Build.0 = Release|x64
		{46FC5442-371E-4CBB-8E3C-05AEEF639B5C}.Release|x64.ActiveCfg = Release|x64
		{46FC5442-371E-4CBB-8E3C-05AEEF639B5C}.Release|x64.Build.0 = Release|x64
		{458CCDBC-BF99-4B55-8044-926C317943A0}.Debug|Any CPU.ActiveCfg = Debug|Any CPU
		{458CCDBC-BF99-4B55-8044-926C317943A0}.Debug|Any CPU.Build.0 = Debug|Any CPU
		{458CCDBC-BF99-4B55-8044-926C317943A0}.Debug|x64.ActiveCfg = Debug|x64
		{458CCDBC-BF99-4B55-8044-926C317943A0}.Debug|x64.Build.0 = Debug|x64
		{458CCDBC-BF99-4B55-8044-926C317943A0}.Release|Any CPU.ActiveCfg = Release|x64
		{458CCDBC-BF99-4B55-8044-926C317943A0}.Release|Any CPU.Build.0 = Release|x64
		{458CCDBC-BF99-4B55-8044-926C317943A0}.Release|x64.ActiveCfg = Release|x64
		{458CCDBC-BF99-4B55-8044-926C317943A0}.Release|x64.Build.0 = Release|x64
		{82C4C097-83DF-4C8A-ACF7-BD4CD7FBDBC9}.Debug|Any CPU.ActiveCfg = Debug|Any CPU
		{82C4C097-83DF-4C8A-ACF7-BD4CD7FBDBC9}.Debug|Any CPU.Build.0 = Debug|Any CPU
		{82C4C097-83DF-4C8A-ACF7-BD4CD7FBDBC9}.Debug|x64.ActiveCfg = Debug|x64
		{82C4C097-83DF-4C8A-ACF7-BD4CD7FBDBC9}.Debug|x64.Build.0 = Debug|x64
		{82C4C097-83DF-4C8A-ACF7-BD4CD7FBDBC9}.Release|Any CPU.ActiveCfg = Release|x64
		{82C4C097-83DF-4C8A-ACF7-BD4CD7FBDBC9}.Release|Any CPU.Build.0 = Release|x64
		{82C4C097-83DF-4C8A-ACF7-BD4CD7FBDBC9}.Release|x64.ActiveCfg = Release|x64
		{82C4C097-83DF-4C8A-ACF7-BD4CD7FBDBC9}.Release|x64.Build.0 = Release|x64
		{9031B90A-537C-4A33-BF3D-6FCF54E08079}.Debug|Any CPU.ActiveCfg = Debug|Any CPU
		{9031B90A-537C-4A33-BF3D-6FCF54E08079}.Debug|Any CPU.Build.0 = Debug|Any CPU
		{9031B90A-537C-4A33-BF3D-6FCF54E08079}.Debug|x64.ActiveCfg = Debug|x64
		{9031B90A-537C-4A33-BF3D-6FCF54E08079}.Debug|x64.Build.0 = Debug|x64
		{9031B90A-537C-4A33-BF3D-6FCF54E08079}.Release|Any CPU.ActiveCfg = Release|x64
		{9031B90A-537C-4A33-BF3D-6FCF54E08079}.Release|Any CPU.Build.0 = Release|x64
		{9031B90A-537C-4A33-BF3D-6FCF54E08079}.Release|x64.ActiveCfg = Release|x64
		{9031B90A-537C-4A33-BF3D-6FCF54E08079}.Release|x64.Build.0 = Release|x64
		{B441FE24-C224-4C72-8B3B-8DF0BE97A3CD}.Debug|Any CPU.ActiveCfg = Debug|Any CPU
		{B441FE24-C224-4C72-8B3B-8DF0BE97A3CD}.Debug|Any CPU.Build.0 = Debug|Any CPU
		{B441FE24-C224-4C72-8B3B-8DF0BE97A3CD}.Debug|x64.ActiveCfg = Debug|x64
		{B441FE24-C224-4C72-8B3B-8DF0BE97A3CD}.Debug|x64.Build.0 = Debug|x64
		{B441FE24-C224-4C72-8B3B-8DF0BE97A3CD}.Release|Any CPU.ActiveCfg = Release|x64
		{B441FE24-C224-4C72-8B3B-8DF0BE97A3CD}.Release|Any CPU.Build.0 = Release|x64
		{B441FE24-C224-4C72-8B3B-8DF0BE97A3CD}.Release|x64.ActiveCfg = Release|x64
		{B441FE24-C224-4C72-8B3B-8DF0BE97A3CD}.Release|x64.Build.0 = Release|x64
		{52C608BD-51E9-4016-ADE5-004A6DE681C4}.Debug|Any CPU.ActiveCfg = Debug|Any CPU
		{52C608BD-51E9-4016-ADE5-004A6DE681C4}.Debug|Any CPU.Build.0 = Debug|Any CPU
		{52C608BD-51E9-4016-ADE5-004A6DE681C4}.Debug|x64.ActiveCfg = Debug|x64
		{52C608BD-51E9-4016-ADE5-004A6DE681C4}.Debug|x64.Build.0 = Debug|x64
		{52C608BD-51E9-4016-ADE5-004A6DE681C4}.Release|Any CPU.ActiveCfg = Release|Any CPU
		{52C608BD-51E9-4016-ADE5-004A6DE681C4}.Release|Any CPU.Build.0 = Release|Any CPU
		{52C608BD-51E9-4016-ADE5-004A6DE681C4}.Release|x64.ActiveCfg = Release|x64
		{52C608BD-51E9-4016-ADE5-004A6DE681C4}.Release|x64.Build.0 = Release|x64
		{8471FC16-BA93-417C-ADBC-637139501CC8}.Debug|Any CPU.ActiveCfg = Debug|Any CPU
		{8471FC16-BA93-417C-ADBC-637139501CC8}.Debug|Any CPU.Build.0 = Debug|Any CPU
		{8471FC16-BA93-417C-ADBC-637139501CC8}.Debug|x64.ActiveCfg = Debug|Any CPU
		{8471FC16-BA93-417C-ADBC-637139501CC8}.Release|Any CPU.ActiveCfg = Release|Any CPU
		{8471FC16-BA93-417C-ADBC-637139501CC8}.Release|Any CPU.Build.0 = Release|Any CPU
		{8471FC16-BA93-417C-ADBC-637139501CC8}.Release|x64.ActiveCfg = Release|Any CPU
	EndGlobalSection
	GlobalSection(SolutionProperties) = preSolution
		HideSolutionNode = FALSE
	EndGlobalSection
EndGlobal
